
Microsoft Visual Studio Solution File, Format Version 12.00
# Visual Studio Version 17
VisualStudioVersion = 17.11.35219.272
MinimumVisualStudioVersion = 10.0.40219.1
Project("{FAE04EC0-301F-11D3-BF4B-00C04F79EFBC}") = "C# Kollektsioonid", "C# Kollektsioonid\C# Kollektsioonid.csproj", "{C31A2A55-4DF8-4056-9631-BFC10A02E586}"
EndProject
Global
	GlobalSection(SolutionConfigurationPlatforms) = preSolution
		Debug|Any CPU = Debug|Any CPU
		Release|Any CPU = Release|Any CPU
	EndGlobalSection
	GlobalSection(ProjectConfigurationPlatforms) = postSolution
		{C31A2A55-4DF8-4056-9631-BFC10A02E586}.Debug|Any CPU.ActiveCfg = Debug|Any CPU
		{C31A2A55-4DF8-4056-9631-BFC10A02E586}.Debug|Any CPU.Build.0 = Debug|Any CPU
		{C31A2A55-4DF8-4056-9631-BFC10A02E586}.Release|Any CPU.ActiveCfg = Release|Any CPU
		{C31A2A55-4DF8-4056-9631-BFC10A02E586}.Release|Any CPU.Build.0 = Release|Any CPU
	EndGlobalSection
	GlobalSection(SolutionProperties) = preSolution
		HideSolutionNode = FALSE
	EndGlobalSection
	GlobalSection(ExtensibilityGlobals) = postSolution
		SolutionGuid = {656E2B2A-9070-469B-82AB-B04D622C2740}
	EndGlobalSection
EndGlobal
